{
  "version": 4,
  "terraform_version": "0.12.6",
  "serial": 9,
  "lineage": "b8e12991-7213-f026-5d86-7b220f01dd57",
  "outputs": {
    "assigned_public_ip": {
      "value": [
        "150.136.187.82"
      ],
      "type": [
        "tuple",
        [
          "string"
        ]
      ]
    },
    "instance_id": {
      "value": [
        "ocid1.instance.oc1.iad.anuwcljrzxsy2nackhxx556fpqjosww3jgcnighvw6gsvd2cve4om5f2jlsq"
      ],
      "type": [
        "tuple",
        [
          "string"
        ]
      ]
    },
    "internet_gateway_id": {
      "value": "ocid1.internetgateway.oc1.iad.aaaaaaaa45fukxrzuak5nbqh2gyd7aiz7u6lqggf4doef337hhzt7swykitq",
      "type": "string"
    },
    "public_route_table_id": {
      "value": "ocid1.routetable.oc1.iad.aaaaaaaape4gjcnufouwf4i5nbzqmtmtuv6vek6r3xrzllsraz7r5cmdecrq",
      "type": "string"
    },
    "public_securitylist_id": {
      "value": "ocid1.securitylist.oc1.iad.aaaaaaaa3iyqgizq3r2qvfnqu6nxr3dnwrqtkfgliih4ltvfc5rzz4grylda",
      "type": "string"
    },
    "public_subnet_id": {
      "value": "ocid1.subnet.oc1.iad.aaaaaaaawprsjo3pjeq2hufizcz56mccrpwnn2ssyayjhe7hehxsesbox74q",
      "type": "string"
    },
    "show-ad": {
      "value": "eLhE:US-ASHBURN-AD-1",
      "type": "string"
    },
    "vcn_id": {
      "value": "ocid1.vcn.oc1.iad.amaaaaaazxsy2naaxknvz5v2j2coqtfueddgo4mtsgu32lu5pozicrbfycuq",
      "type": "string"
    }
  },
  "resources": [
    {
      "mode": "data",
      "type": "oci_identity_availability_domain",
      "name": "ad",
      "provider": "provider.oci",
      "instances": [
        {
          "schema_version": 0,
          "attributes": {
            "ad_number": 1,
            "compartment_id": "ocid1.compartment.oc1..aaaaaaaaukottugsmj5vmneywbzvecjbg5pew2b7clgnm53zwyvgdutdiwvq",
            "id": "ocid1.availabilitydomain.oc1..aaaaaaaauvt2n7pijol7uqgdnnsoojcukrijtmcltvfwxazmitk235wyohta",
            "name": "eLhE:US-ASHBURN-AD-1"
          }
        }
      ]
    },
    {
      "mode": "managed",
      "type": "oci_core_instance",
      "name": "linux",
      "each": "list",
      "provider": "provider.oci",
      "instances": [
        {
          "index_key": 0,
          "schema_version": 0,
          "attributes": {
            "agent_config": [
              {
                "is_management_disabled": false,
                "is_monitoring_disabled": false
              }
            ],
            "availability_domain": "eLhE:US-ASHBURN-AD-1",
            "boot_volume_id": "ocid1.bootvolume.oc1.iad.abuwcljrhmx6ac5tpkx2tdy4q6n6yn54ycgpp6pr2nsmferlzfmdql4ui4nq",
            "compartment_id": "ocid1.compartment.oc1..aaaaaaaaukottugsmj5vmneywbzvecjbg5pew2b7clgnm53zwyvgdutdiwvq",
            "create_vnic_details": [
              {
                "assign_public_ip": "true",
                "defined_tags": {
                  "I_IAAS.I_PL": "INDIA",
                  "LIFECYCLE_STATE.CHOOSE_STATE": "STOP",
                  "Oracle-Tags.CreatedBy": "oracleidentitycloudservice/meghashree.n@oracle.com",
                  "Oracle-Tags.CreatedOn": "2020-05-11T09:34:30.259Z"
                },
                "display_name": "primaryvnic",
                "freeform_tags": {},
                "hostname_label": "linuxinstance",
                "nsg_ids": null,
                "private_ip": "172.0.1.2",
                "skip_source_dest_check": false,
                "subnet_id": "ocid1.subnet.oc1.iad.aaaaaaaawprsjo3pjeq2hufizcz56mccrpwnn2ssyayjhe7hehxsesbox74q"
              }
            ],
            "dedicated_vm_host_id": null,
            "defined_tags": {
              "I_IAAS.I_PL": "INDIA",
              "LIFECYCLE_STATE.CHOOSE_STATE": "STOP",
              "Oracle-Tags.CreatedBy": "oracleidentitycloudservice/meghashree.n@oracle.com",
              "Oracle-Tags.CreatedOn": "2020-05-11T09:34:30.010Z"
            },
            "display_name": "linux",
            "extended_metadata": null,
            "fault_domain": "FAULT-DOMAIN-3",
            "freeform_tags": {},
            "hostname_label": "linuxinstance",
            "id": "ocid1.instance.oc1.iad.anuwcljrzxsy2nackhxx556fpqjosww3jgcnighvw6gsvd2cve4om5f2jlsq",
            "image": "ocid1.image.oc1.iad.aaaaaaaahjkmmew2pjrcpylaf6zdddtom6xjnazwptervti35keqd4fdylca",
            "ipxe_script": null,
            "is_pv_encryption_in_transit_enabled": null,
            "launch_mode": "NATIVE",
            "launch_options": [
              {
                "boot_volume_type": "PARAVIRTUALIZED",
                "firmware": "UEFI_64",
                "is_consistent_volume_naming_enabled": true,
                "is_pv_encryption_in_transit_enabled": false,
                "network_type": "PARAVIRTUALIZED",
                "remote_data_volume_type": "PARAVIRTUALIZED"
              }
            ],
            "metadata": {
              "ssh_authorized_keys": "ssh-rsa AAAAB3NzaC1yc2EAAAADAQABAAABAQDm3cIQt9vc2wgqt7UMVX18eDvMN0oXwxppnlvEZEUZPJBAMCd2Trt0gTXfzMXZRneguFXqJN9pGKz9gum2qyUXhnHi49uoiOd360iDz00E85ytbAKkb0haborYbDAuvz4MUWmlrNC5eYT6y5AThsePwJeZFxBt3cv4AI6fIuV6Cdm1bc7b/8w22917yAtAGDFrjHXFq1usKkbMVTuBx02Xr7Zry8e9+lumSict6pElG0kdp/AlyyWdYP7HP1ZWfDVLU4FCcJ7mf5LxHz2QXzIFGNnh3UByA0YfrMwaFhUfou54q4rGU9MpeMnB+70Z3WbYSoz1R+8aXBRObY+vcuFJ megn@MEGN-IN\r\n"
            },
            "preserve_boot_volume": null,
            "private_ip": "172.0.1.2",
            "public_ip": "150.136.187.82",
            "region": "iad",
            "shape": "VM.Standard2.1",
            "shape_config": [
              {
                "gpu_description": "",
                "gpus": 0,
                "local_disk_description": "",
                "local_disks": 0,
                "local_disks_total_size_in_gbs": 0,
                "max_vnic_attachments": 2,
                "memory_in_gbs": 15,
                "networking_bandwidth_in_gbps": 1,
                "ocpus": 1,
                "processor_description": "2.0 GHz Intel® Xeon® Platinum 8167M (Skylake)"
              }
            ],
            "source_details": [
              {
                "boot_volume_size_in_gbs": "50",
                "kms_key_id": "",
                "source_id": "ocid1.image.oc1.iad.aaaaaaaahjkmmew2pjrcpylaf6zdddtom6xjnazwptervti35keqd4fdylca",
                "source_type": "image"
              }
            ],
            "state": "RUNNING",
            "subnet_id": "ocid1.subnet.oc1.iad.aaaaaaaawprsjo3pjeq2hufizcz56mccrpwnn2ssyayjhe7hehxsesbox74q",
            "system_tags": {},
            "time_created": "2020-05-11 09:34:30.914 +0000 UTC",
            "time_maintenance_reboot_due": "",
            "timeouts": {
              "create": "60m",
              "delete": null,
              "update": null
            }
          },
          "private": "eyJlMmJmYjczMC1lY2FhLTExZTYtOGY4OC0zNDM2M2JjN2M0YzAiOnsiY3JlYXRlIjozNjAwMDAwMDAwMDAwLCJkZWxldGUiOjcyMDAwMDAwMDAwMDAsInVwZGF0ZSI6NzIwMDAwMDAwMDAwMH19",
          "depends_on": [
            "data.oci_identity_availability_domain.ad",
            "oci_core_subnet.publicsubnet"
          ]
        }
      ]
    },
    {
      "mode": "managed",
      "type": "oci_core_internet_gateway",
      "name": "test_internet_gateway",
      "provider": "provider.oci",
      "instances": [
        {
          "schema_version": 0,
          "attributes": {
            "compartment_id": "ocid1.compartment.oc1..aaaaaaaaukottugsmj5vmneywbzvecjbg5pew2b7clgnm53zwyvgdutdiwvq",
            "defined_tags": {
              "I_IAAS.I_PL": "INDIA",
              "LIFECYCLE_STATE.CHOOSE_STATE": "STOP",
              "Oracle-Tags.CreatedBy": "oracleidentitycloudservice/meghashree.n@oracle.com",
              "Oracle-Tags.CreatedOn": "2020-05-11T09:34:27.077Z"
            },
            "display_name": "internetgateway20200511093427",
            "enabled": true,
            "freeform_tags": {},
            "id": "ocid1.internetgateway.oc1.iad.aaaaaaaa45fukxrzuak5nbqh2gyd7aiz7u6lqggf4doef337hhzt7swykitq",
            "state": "AVAILABLE",
            "time_created": "2020-05-11 09:34:27.095 +0000 UTC",
            "timeouts": null,
            "vcn_id": "ocid1.vcn.oc1.iad.amaaaaaazxsy2naaxknvz5v2j2coqtfueddgo4mtsgu32lu5pozicrbfycuq"
          },
          "private": "eyJlMmJmYjczMC1lY2FhLTExZTYtOGY4OC0zNDM2M2JjN2M0YzAiOnsiY3JlYXRlIjo5MDAwMDAwMDAwMDAsImRlbGV0ZSI6OTAwMDAwMDAwMDAwLCJ1cGRhdGUiOjkwMDAwMDAwMDAwMH19",
          "depends_on": [
            "oci_core_vcn.test_vcn"
          ]
        }
      ]
    },
    {
      "mode": "managed",
      "type": "oci_core_route_table",
      "name": "publicRT",
      "provider": "provider.oci",
      "instances": [
        {
          "schema_version": 0,
          "attributes": {
            "compartment_id": "ocid1.compartment.oc1..aaaaaaaaukottugsmj5vmneywbzvecjbg5pew2b7clgnm53zwyvgdutdiwvq",
            "defined_tags": {
              "I_IAAS.I_PL": "INDIA",
              "LIFECYCLE_STATE.CHOOSE_STATE": "STOP",
              "Oracle-Tags.CreatedBy": "oracleidentitycloudservice/meghashree.n@oracle.com",
              "Oracle-Tags.CreatedOn": "2020-05-11T09:34:27.960Z"
            },
            "display_name": "routetable20200511093427",
            "freeform_tags": {},
            "id": "ocid1.routetable.oc1.iad.aaaaaaaape4gjcnufouwf4i5nbzqmtmtuv6vek6r3xrzllsraz7r5cmdecrq",
            "route_rules": [
              {
                "cidr_block": "",
                "description": "",
                "destination": "0.0.0.0/0",
                "destination_type": "CIDR_BLOCK",
                "network_entity_id": "ocid1.internetgateway.oc1.iad.aaaaaaaa45fukxrzuak5nbqh2gyd7aiz7u6lqggf4doef337hhzt7swykitq"
              }
            ],
            "state": "AVAILABLE",
            "time_created": "2020-05-11 09:34:27.978 +0000 UTC",
            "timeouts": null,
            "vcn_id": "ocid1.vcn.oc1.iad.amaaaaaazxsy2naaxknvz5v2j2coqtfueddgo4mtsgu32lu5pozicrbfycuq"
          },
          "private": "eyJlMmJmYjczMC1lY2FhLTExZTYtOGY4OC0zNDM2M2JjN2M0YzAiOnsiY3JlYXRlIjo5MDAwMDAwMDAwMDAsImRlbGV0ZSI6OTAwMDAwMDAwMDAwLCJ1cGRhdGUiOjkwMDAwMDAwMDAwMH19",
          "depends_on": [
            "oci_core_internet_gateway.test_internet_gateway",
            "oci_core_vcn.test_vcn"
          ]
        }
      ]
    },
    {
      "mode": "managed",
      "type": "oci_core_security_list",
      "name": "publicSL",
      "provider": "provider.oci",
      "instances": [
        {
          "schema_version": 0,
          "attributes": {
            "compartment_id": "ocid1.compartment.oc1..aaaaaaaaukottugsmj5vmneywbzvecjbg5pew2b7clgnm53zwyvgdutdiwvq",
            "defined_tags": {
              "I_IAAS.I_PL": "INDIA",
              "LIFECYCLE_STATE.CHOOSE_STATE": "STOP",
              "Oracle-Tags.CreatedBy": "oracleidentitycloudservice/meghashree.n@oracle.com",
              "Oracle-Tags.CreatedOn": "2020-05-11T09:34:27.339Z"
            },
            "display_name": "public_security_list",
            "egress_security_rules": [
              {
                "description": "",
                "destination": "0.0.0.0/0",
                "destination_type": "CIDR_BLOCK",
                "icmp_options": [],
                "protocol": "all",
                "stateless": false,
                "tcp_options": [],
                "udp_options": []
              }
            ],
            "freeform_tags": {},
            "id": "ocid1.securitylist.oc1.iad.aaaaaaaa3iyqgizq3r2qvfnqu6nxr3dnwrqtkfgliih4ltvfc5rzz4grylda",
            "ingress_security_rules": [
              {
                "description": "",
                "icmp_options": [
                  {
                    "code": -1,
                    "type": 0
                  }
                ],
                "protocol": "1",
                "source": "0.0.0.0/0",
                "source_type": "CIDR_BLOCK",
                "stateless": false,
                "tcp_options": [],
                "udp_options": []
              },
              {
                "description": "",
                "icmp_options": [
                  {
                    "code": -1,
                    "type": 8
                  }
                ],
                "protocol": "1",
                "source": "0.0.0.0/0",
                "source_type": "CIDR_BLOCK",
                "stateless": false,
                "tcp_options": [],
                "udp_options": []
              },
              {
                "description": "",
                "icmp_options": [
                  {
                    "code": 4,
                    "type": 3
                  }
                ],
                "protocol": "1",
                "source": "0.0.0.0/0",
                "source_type": "CIDR_BLOCK",
                "stateless": false,
                "tcp_options": [],
                "udp_options": []
              },
              {
                "description": "",
                "icmp_options": [],
                "protocol": "6",
                "source": "0.0.0.0/0",
                "source_type": "CIDR_BLOCK",
                "stateless": false,
                "tcp_options": [
                  {
                    "max": 22,
                    "min": 22,
                    "source_port_range": []
                  }
                ],
                "udp_options": []
              }
            ],
            "state": "AVAILABLE",
            "time_created": "2020-05-11 09:34:27.359 +0000 UTC",
            "timeouts": null,
            "vcn_id": "ocid1.vcn.oc1.iad.amaaaaaazxsy2naaxknvz5v2j2coqtfueddgo4mtsgu32lu5pozicrbfycuq"
          },
          "private": "eyJlMmJmYjczMC1lY2FhLTExZTYtOGY4OC0zNDM2M2JjN2M0YzAiOnsiY3JlYXRlIjo5MDAwMDAwMDAwMDAsImRlbGV0ZSI6OTAwMDAwMDAwMDAwLCJ1cGRhdGUiOjkwMDAwMDAwMDAwMH19",
          "depends_on": [
            "oci_core_vcn.test_vcn"
          ]
        }
      ]
    },
    {
      "mode": "managed",
      "type": "oci_core_subnet",
      "name": "publicsubnet",
      "provider": "provider.oci",
      "instances": [
        {
          "schema_version": 0,
          "attributes": {
            "availability_domain": null,
            "cidr_block": "172.0.1.0/24",
            "compartment_id": "ocid1.compartment.oc1..aaaaaaaaukottugsmj5vmneywbzvecjbg5pew2b7clgnm53zwyvgdutdiwvq",
            "defined_tags": {
              "I_IAAS.I_PL": "INDIA",
              "LIFECYCLE_STATE.CHOOSE_STATE": "STOP",
              "Oracle-Tags.CreatedBy": "oracleidentitycloudservice/meghashree.n@oracle.com",
              "Oracle-Tags.CreatedOn": "2020-05-11T09:34:28.968Z"
            },
            "dhcp_options_id": "ocid1.dhcpoptions.oc1.iad.aaaaaaaazd5p6c3awfnanrkg43xdnii3zfu3nqdm6kcodydh5evnetbrijdq",
            "display_name": "publicsubnet",
            "dns_label": "publicsubnet",
            "freeform_tags": {},
            "id": "ocid1.subnet.oc1.iad.aaaaaaaawprsjo3pjeq2hufizcz56mccrpwnn2ssyayjhe7hehxsesbox74q",
            "ipv6cidr_block": null,
            "ipv6public_cidr_block": null,
            "ipv6virtual_router_ip": null,
            "prohibit_public_ip_on_vnic": false,
            "route_table_id": "ocid1.routetable.oc1.iad.aaaaaaaape4gjcnufouwf4i5nbzqmtmtuv6vek6r3xrzllsraz7r5cmdecrq",
            "security_list_ids": [
              "ocid1.securitylist.oc1.iad.aaaaaaaa3iyqgizq3r2qvfnqu6nxr3dnwrqtkfgliih4ltvfc5rzz4grylda"
            ],
            "state": "AVAILABLE",
            "subnet_domain_name": "publicsubnet.vcn.oraclevcn.com",
            "time_created": "2020-05-11 09:34:29.001 +0000 UTC",
            "timeouts": null,
            "vcn_id": "ocid1.vcn.oc1.iad.amaaaaaazxsy2naaxknvz5v2j2coqtfueddgo4mtsgu32lu5pozicrbfycuq",
            "virtual_router_ip": "172.0.1.1",
            "virtual_router_mac": "00:00:17:6E:99:84"
          },
          "private": "eyJlMmJmYjczMC1lY2FhLTExZTYtOGY4OC0zNDM2M2JjN2M0YzAiOnsiY3JlYXRlIjo5MDAwMDAwMDAwMDAsImRlbGV0ZSI6OTAwMDAwMDAwMDAwLCJ1cGRhdGUiOjkwMDAwMDAwMDAwMH19",
          "depends_on": [
            "oci_core_route_table.publicRT",
            "oci_core_security_list.publicSL",
            "oci_core_vcn.test_vcn"
          ]
        }
      ]
    },
    {
      "mode": "managed",
      "type": "oci_core_vcn",
      "name": "test_vcn",
      "provider": "provider.oci",
      "instances": [
        {
          "schema_version": 0,
          "attributes": {
            "cidr_block": "172.0.0.0/16",
            "compartment_id": "ocid1.compartment.oc1..aaaaaaaaukottugsmj5vmneywbzvecjbg5pew2b7clgnm53zwyvgdutdiwvq",
            "default_dhcp_options_id": "ocid1.dhcpoptions.oc1.iad.aaaaaaaazd5p6c3awfnanrkg43xdnii3zfu3nqdm6kcodydh5evnetbrijdq",
            "default_route_table_id": "ocid1.routetable.oc1.iad.aaaaaaaardwstei7vmqy74cjxrdouy4csa7jjpx5iwpdd5evab6o76abyxta",
            "default_security_list_id": "ocid1.securitylist.oc1.iad.aaaaaaaat4in3m2rx4cr3hejxolavymj5xpzllfxos4gncfj2ol6plglsmaa",
            "defined_tags": {
              "I_IAAS.I_PL": "INDIA",
              "LIFECYCLE_STATE.CHOOSE_STATE": "STOP",
              "Oracle-Tags.CreatedBy": "oracleidentitycloudservice/meghashree.n@oracle.com",
              "Oracle-Tags.CreatedOn": "2020-05-11T09:34:26.261Z"
            },
            "display_name": "vcn1234",
            "dns_label": "vcn",
            "freeform_tags": {},
            "id": "ocid1.vcn.oc1.iad.amaaaaaazxsy2naaxknvz5v2j2coqtfueddgo4mtsgu32lu5pozicrbfycuq",
            "ipv6cidr_block": null,
            "ipv6public_cidr_block": null,
            "is_ipv6enabled": null,
            "state": "AVAILABLE",
            "time_created": "2020-05-11 09:34:26.264 +0000 UTC",
            "timeouts": null,
            "vcn_domain_name": "vcn.oraclevcn.com"
          },
          "private": "eyJlMmJmYjczMC1lY2FhLTExZTYtOGY4OC0zNDM2M2JjN2M0YzAiOnsiY3JlYXRlIjo5MDAwMDAwMDAwMDAsImRlbGV0ZSI6OTAwMDAwMDAwMDAwLCJ1cGRhdGUiOjkwMDAwMDAwMDAwMH19"
        }
      ]
    },
    {
      "mode": "managed",
      "type": "oci_core_volume",
      "name": "linux",
      "provider": "provider.oci",
      "instances": [
        {
          "schema_version": 0,
          "attributes": {
            "availability_domain": "eLhE:US-ASHBURN-AD-1",
            "backup_policy_id": null,
            "compartment_id": "ocid1.compartment.oc1..aaaaaaaaukottugsmj5vmneywbzvecjbg5pew2b7clgnm53zwyvgdutdiwvq",
            "defined_tags": {},
            "display_name": "Terraform_deployed_Instance",
            "freeform_tags": {},
            "id": "ocid1.volume.oc1.iad.abuwcljrflh3ysagmbhc4dd32zqfhq64mofitv6fkcdlyayaotwv422mmhpq",
            "is_hydrated": true,
            "kms_key_id": null,
            "size_in_gbs": "50",
            "size_in_mbs": "51200",
            "source_details": [],
            "state": "AVAILABLE",
            "system_tags": {},
            "time_created": "2020-05-11 09:34:26.23 +0000 UTC",
            "timeouts": null,
            "volume_backup_id": null,
            "volume_group_id": null,
            "vpus_per_gb": "10"
          },
          "private": "eyJlMmJmYjczMC1lY2FhLTExZTYtOGY4OC0zNDM2M2JjN2M0YzAiOnsiY3JlYXRlIjo5MDAwMDAwMDAwMDAsImRlbGV0ZSI6OTAwMDAwMDAwMDAwLCJ1cGRhdGUiOjkwMDAwMDAwMDAwMH19",
          "depends_on": [
            "data.oci_identity_availability_domain.ad"
          ]
        }
      ]
    },
    {
      "mode": "managed",
      "type": "oci_core_volume_attachment",
      "name": "linux",
      "each": "list",
      "provider": "provider.oci",
      "instances": [
        {
          "index_key": 0,
          "schema_version": 0,
          "attributes": {
            "attachment_type": "iscsi",
            "availability_domain": "eLhE:US-ASHBURN-AD-1",
            "chap_secret": "RFElmXA2WFovxjUw",
            "chap_username": "ocid1.volume.oc1.iad.abuwcljrflh3ysagmbhc4dd32zqfhq64mofitv6fkcdlyayaotwv422mmhpq",
            "compartment_id": "ocid1.compartment.oc1..aaaaaaaaukottugsmj5vmneywbzvecjbg5pew2b7clgnm53zwyvgdutdiwvq",
            "device": null,
            "display_name": "volumeattachment20200511093539",
            "id": "ocid1.volumeattachment.oc1.iad.anuwcljrzxsy2nacx43vyqdospsjkumxcad4z6zacyv7g4ybcj3su7ynkaxa",
            "instance_id": "ocid1.instance.oc1.iad.anuwcljrzxsy2nackhxx556fpqjosww3jgcnighvw6gsvd2cve4om5f2jlsq",
            "ipv4": "169.254.2.2",
            "iqn": "iqn.2015-12.com.oracleiaas:6ba3bf48-ca8c-4c84-bd9c-d56083d6a2b8",
            "is_pv_encryption_in_transit_enabled": false,
            "is_read_only": false,
            "is_shareable": null,
            "port": 3260,
            "state": "ATTACHED",
            "time_created": "2020-05-11 09:35:39.863 +0000 UTC",
            "timeouts": null,
            "use_chap": true,
            "volume_id": "ocid1.volume.oc1.iad.abuwcljrflh3ysagmbhc4dd32zqfhq64mofitv6fkcdlyayaotwv422mmhpq"
          },
          "private": "eyJlMmJmYjczMC1lY2FhLTExZTYtOGY4OC0zNDM2M2JjN2M0YzAiOnsiY3JlYXRlIjo5MDAwMDAwMDAwMDAsImRlbGV0ZSI6OTAwMDAwMDAwMDAwLCJ1cGRhdGUiOjkwMDAwMDAwMDAwMH19",
          "depends_on": [
            "oci_core_instance.linux",
            "oci_core_volume.linux"
          ]
        }
      ]
    }
  ]
}
