{
  "version": 4,
  "terraform_version": "0.12.6",
  "serial": 2,
  "lineage": "1be09af4-ad32-0be1-2616-9188fd82ec57",
  "outputs": {
    "show-ad": {
      "value": "eLhE:US-ASHBURN-AD-1",
      "type": "string"
    },
    "vcn_id": {
      "value": "ocid1.vcn.oc1.iad.amaaaaaazxsy2naaereqc5qe3d4ogqubixd6xmfdkwc6uxyyzjgfpobmtp7q",
      "type": "string"
    }
  },
  "resources": [
    {
      "mode": "data",
      "type": "oci_identity_availability_domain",
      "name": "ad",
      "provider": "provider.oci",
      "instances": [
        {
          "schema_version": 0,
          "attributes": {
            "ad_number": 1,
            "compartment_id": "ocid1.tenancy.oc1..aaaaaaaalylrk6bjiuxqryukd6jrlxgfbwjuulnavxqehvv3crknt7ewhlpa",
            "id": "ocid1.availabilitydomain.oc1..aaaaaaaauvt2n7pijol7uqgdnnsoojcukrijtmcltvfwxazmitk235wyohta",
            "name": "eLhE:US-ASHBURN-AD-1"
          }
        }
      ]
    },
    {
      "mode": "managed",
      "type": "oci_core_vcn",
      "name": "test_vcn",
      "provider": "provider.oci",
      "instances": [
        {
          "schema_version": 0,
          "attributes": {
            "cidr_block": "192.0.0.0/16",
            "compartment_id": "ocid1.compartment.oc1..aaaaaaaaukottugsmj5vmneywbzvecjbg5pew2b7clgnm53zwyvgdutdiwvq",
            "default_dhcp_options_id": "ocid1.dhcpoptions.oc1.iad.aaaaaaaa2qi24346g35pdrf56exanlm6flsdicvjpqtna4vsfsskxcgtvraq",
            "default_route_table_id": "ocid1.routetable.oc1.iad.aaaaaaaa53shf4niin44t5ba5dk2xva6eeq7ynz62ovvdcu6rgw4gf2nnibq",
            "default_security_list_id": "ocid1.securitylist.oc1.iad.aaaaaaaa7vdxfmdz5f6ghn6lqqaxwzocqwy6vjywutawetmo6i2mqkb33gua",
            "defined_tags": {
              "I_IAAS.I_PL": "INDIA",
              "LIFECYCLE_STATE.CHOOSE_STATE": "STOP",
              "Oracle-Tags.CreatedBy": "oracleidentitycloudservice/meghashree.n@oracle.com",
              "Oracle-Tags.CreatedOn": "2020-05-06T12:38:07.417Z"
            },
            "display_name": "vcn20200506123807",
            "dns_label": null,
            "freeform_tags": {},
            "id": "ocid1.vcn.oc1.iad.amaaaaaazxsy2naaereqc5qe3d4ogqubixd6xmfdkwc6uxyyzjgfpobmtp7q",
            "ipv6cidr_block": null,
            "ipv6public_cidr_block": null,
            "is_ipv6enabled": null,
            "state": "AVAILABLE",
            "time_created": "2020-05-06 12:38:07.421 +0000 UTC",
            "timeouts": null,
            "vcn_domain_name": null
          },
          "private": "eyJlMmJmYjczMC1lY2FhLTExZTYtOGY4OC0zNDM2M2JjN2M0YzAiOnsiY3JlYXRlIjo5MDAwMDAwMDAwMDAsImRlbGV0ZSI6OTAwMDAwMDAwMDAwLCJ1cGRhdGUiOjkwMDAwMDAwMDAwMH19"
        }
      ]
    }
  ]
}
