{
  "version": 4,
  "terraform_version": "0.12.6",
  "serial": 7,
  "lineage": "60ffdeca-0d25-ef25-31a8-2e7c0308dc62",
  "outputs": {
    "compartment_id": {
      "value": "ocid1.compartment.oc1..aaaaaaaa3ztphgqfxngqh7oduiylyxxx3fmy5mhb3hv7wldcn5yqpr6eutka",
      "type": "string"
    },
    "group_id": {
      "value": "ocid1.group.oc1..aaaaaaaakwhtam42cojczuwq7ifxrxau7gttxxn3y2zfpclbtzvpgjqwni5a",
      "type": "string"
    },
    "user_id": {
      "value": "ocid1.user.oc1..aaaaaaaaziyudxdmyiptt4ll2gqsunq66do5optebad5hivigdiwpmis7qra",
      "type": "string"
    }
  },
  "resources": [
    {
      "mode": "managed",
      "type": "oci_identity_compartment",
      "name": "compartment",
      "provider": "provider.oci",
      "instances": [
        {
          "schema_version": 0,
          "attributes": {
            "compartment_id": "ocid1.compartment.oc1..aaaaaaaaukottugsmj5vmneywbzvecjbg5pew2b7clgnm53zwyvgdutdiwvq",
            "defined_tags": {
              "I_IAAS.I_PL": "INDIA",
              "LIFECYCLE_STATE.CHOOSE_STATE": "STOP",
              "Oracle-Tags.CreatedBy": "oracleidentitycloudservice/meghashree.n@oracle.com",
              "Oracle-Tags.CreatedOn": "2020-07-15T06:55:15.638Z"
            },
            "description": "create a comparment within your oci compartment",
            "enable_delete": null,
            "freeform_tags": {},
            "id": "ocid1.compartment.oc1..aaaaaaaa3ztphgqfxngqh7oduiylyxxx3fmy5mhb3hv7wldcn5yqpr6eutka",
            "inactive_state": null,
            "is_accessible": true,
            "name": "compartment_created_using_terraform",
            "state": "ACTIVE",
            "time_created": "2020-07-15 06:55:16.053 +0000 UTC",
            "timeouts": null
          },
          "private": "eyJlMmJmYjczMC1lY2FhLTExZTYtOGY4OC0zNDM2M2JjN2M0YzAiOnsiZGVsZXRlIjo1NDAwMDAwMDAwMDAwfX0="
        }
      ]
    },
    {
      "mode": "managed",
      "type": "oci_identity_group",
      "name": "new_group",
      "provider": "provider.oci",
      "instances": [
        {
          "schema_version": 0,
          "attributes": {
            "compartment_id": "ocid1.tenancy.oc1..aaaaaaaalylrk6bjiuxqryukd6jrlxgfbwjuulnavxqehvv3crknt7ewhlpa",
            "defined_tags": {
              "Oracle-Tags.CreatedBy": "oracleidentitycloudservice/meghashree.n@oracle.com",
              "Oracle-Tags.CreatedOn": "2020-07-15T06:55:15.649Z"
            },
            "description": "create a group in your tenancy using terraform",
            "freeform_tags": {},
            "id": "ocid1.group.oc1..aaaaaaaakwhtam42cojczuwq7ifxrxau7gttxxn3y2zfpclbtzvpgjqwni5a",
            "inactive_state": null,
            "name": "group_created_by_terraform",
            "state": "ACTIVE",
            "time_created": "2020-07-15 06:55:15.669 +0000 UTC",
            "timeouts": null
          },
          "private": "eyJlMmJmYjczMC1lY2FhLTExZTYtOGY4OC0zNDM2M2JjN2M0YzAiOnsiY3JlYXRlIjo5MDAwMDAwMDAwMDAsImRlbGV0ZSI6OTAwMDAwMDAwMDAwLCJ1cGRhdGUiOjkwMDAwMDAwMDAwMH19"
        }
      ]
    },
    {
      "mode": "managed",
      "type": "oci_identity_policy",
      "name": "policy",
      "provider": "provider.oci",
      "instances": [
        {
          "schema_version": 0,
          "attributes": {
            "ETag": "9dab5a6196e3dd95f40a34a5541190aa8b8e17be",
            "compartment_id": "ocid1.compartment.oc1..aaaaaaaa3ztphgqfxngqh7oduiylyxxx3fmy5mhb3hv7wldcn5yqpr6eutka",
            "defined_tags": {
              "I_IAAS.I_PL": "INDIA",
              "LIFECYCLE_STATE.CHOOSE_STATE": "STOP",
              "Oracle-Tags.CreatedBy": "oracleidentitycloudservice/meghashree.n@oracle.com",
              "Oracle-Tags.CreatedOn": "2020-07-15T06:55:20.364Z"
            },
            "description": "creates policies with set of statements using terraform",
            "freeform_tags": {},
            "id": "ocid1.policy.oc1..aaaaaaaaihr5awvjr4avtkkkv3kzwp34btsypnxqjyohsao7rngs4wxrn7ja",
            "inactive_state": null,
            "lastUpdateETag": "9dab5a6196e3dd95f40a34a5541190aa8b8e17be",
            "name": "policy_created_using_terraform",
            "policyHash": "0ebba6d837e4bd3fa6683abdc2326848",
            "state": "ACTIVE",
            "statements": [
              "allow group group_created_by_terraform to manage all-resources in compartment compartment_created_using_terraform"
            ],
            "time_created": "2020-07-15 06:55:20.407 +0000 UTC",
            "timeouts": null,
            "version_date": null
          },
          "private": "eyJlMmJmYjczMC1lY2FhLTExZTYtOGY4OC0zNDM2M2JjN2M0YzAiOnsiY3JlYXRlIjo5MDAwMDAwMDAwMDAsImRlbGV0ZSI6OTAwMDAwMDAwMDAwLCJ1cGRhdGUiOjkwMDAwMDAwMDAwMH19",
          "depends_on": [
            "oci_identity_compartment.compartment"
          ]
        }
      ]
    },
    {
      "mode": "managed",
      "type": "oci_identity_user",
      "name": "new_user",
      "provider": "provider.oci",
      "instances": [
        {
          "schema_version": 0,
          "attributes": {
            "capabilities": [
              {
                "can_use_api_keys": true,
                "can_use_auth_tokens": true,
                "can_use_console_password": true,
                "can_use_customer_secret_keys": true,
                "can_use_oauth2client_credentials": true,
                "can_use_smtp_credentials": true
              }
            ],
            "compartment_id": "ocid1.tenancy.oc1..aaaaaaaalylrk6bjiuxqryukd6jrlxgfbwjuulnavxqehvv3crknt7ewhlpa",
            "defined_tags": {
              "Oracle-Tags.CreatedBy": "oracleidentitycloudservice/meghashree.n@oracle.com",
              "Oracle-Tags.CreatedOn": "2020-07-15T06:55:15.634Z"
            },
            "description": "create a new user in my tenancy using terraform",
            "email": null,
            "external_identifier": null,
            "freeform_tags": {},
            "id": "ocid1.user.oc1..aaaaaaaaziyudxdmyiptt4ll2gqsunq66do5optebad5hivigdiwpmis7qra",
            "identity_provider_id": null,
            "inactive_state": null,
            "name": "user_created_by_terraform",
            "state": "ACTIVE",
            "time_created": "2020-07-15 06:55:15.79 +0000 UTC",
            "timeouts": null
          },
          "private": "eyJlMmJmYjczMC1lY2FhLTExZTYtOGY4OC0zNDM2M2JjN2M0YzAiOnsiY3JlYXRlIjo5MDAwMDAwMDAwMDAsImRlbGV0ZSI6OTAwMDAwMDAwMDAwLCJ1cGRhdGUiOjkwMDAwMDAwMDAwMH19"
        }
      ]
    },
    {
      "mode": "managed",
      "type": "oci_identity_user_group_membership",
      "name": "membership",
      "provider": "provider.oci",
      "instances": [
        {
          "schema_version": 0,
          "attributes": {
            "compartment_id": "ocid1.tenancy.oc1..aaaaaaaalylrk6bjiuxqryukd6jrlxgfbwjuulnavxqehvv3crknt7ewhlpa",
            "group_id": "ocid1.group.oc1..aaaaaaaakwhtam42cojczuwq7ifxrxau7gttxxn3y2zfpclbtzvpgjqwni5a",
            "id": "ocid1.groupmembership.oc1..aaaaaaaafkspikqwldaixmdgpvreqgqbkwtcf7fj5sjf6ahye4ex63mbwqaa",
            "inactive_state": null,
            "state": "ACTIVE",
            "time_created": "2020-07-15 06:55:18.373 +0000 UTC",
            "timeouts": null,
            "user_id": "ocid1.user.oc1..aaaaaaaaziyudxdmyiptt4ll2gqsunq66do5optebad5hivigdiwpmis7qra"
          },
          "private": "eyJlMmJmYjczMC1lY2FhLTExZTYtOGY4OC0zNDM2M2JjN2M0YzAiOnsiY3JlYXRlIjo5MDAwMDAwMDAwMDAsImRlbGV0ZSI6OTAwMDAwMDAwMDAwLCJ1cGRhdGUiOjkwMDAwMDAwMDAwMH19",
          "depends_on": [
            "oci_identity_group.new_group",
            "oci_identity_user.new_user"
          ]
        }
      ]
    }
  ]
}
